// !$*UTF8*$!
{
	archiveVersion = 1;
	classes = {
	};
	objectVersion = 55;
	objects = {

/* Begin PBXBuildFile section */
		2E65EFA828413A50003BC45C /* WellFedApp.swift in Sources */ = {isa = PBXBuildFile; fileRef = 2E65EFA728413A50003BC45C /* WellFedApp.swift */; };
		2E65EFAC28413A54003BC45C /* Assets.xcassets in Resources */ = {isa = PBXBuildFile; fileRef = 2E65EFAB28413A54003BC45C /* Assets.xcassets */; };
		2E65EFAF28413A54003BC45C /* Preview Assets.xcassets in Resources */ = {isa = PBXBuildFile; fileRef = 2E65EFAE28413A54003BC45C /* Preview Assets.xcassets */; };
		2E65EFBA28413D41003BC45C /* DonationView.swift in Sources */ = {isa = PBXBuildFile; fileRef = 2E65EFB928413D41003BC45C /* DonationView.swift */; };
		2E65EFBC28413D52003BC45C /* DonationViewModel.swift in Sources */ = {isa = PBXBuildFile; fileRef = 2E65EFBB28413D52003BC45C /* DonationViewModel.swift */; };
		2E65EFBE28413D6A003BC45C /* SearchFoodViewModel.swift in Sources */ = {isa = PBXBuildFile; fileRef = 2E65EFBD28413D6A003BC45C /* SearchFoodViewModel.swift */; };
		2E65EFC028413D72003BC45C /* ExploreView.swift in Sources */ = {isa = PBXBuildFile; fileRef = 2E65EFBF28413D72003BC45C /* ExploreView.swift */; };
		2E65EFC228413D7D003BC45C /* ProfileView.swift in Sources */ = {isa = PBXBuildFile; fileRef = 2E65EFC128413D7D003BC45C /* ProfileView.swift */; };
		2E65EFC528414274003BC45C /* HomeView.swift in Sources */ = {isa = PBXBuildFile; fileRef = 2E65EFC428414274003BC45C /* HomeView.swift */; };
		2E65EFC82841477A003BC45C /* FoodService.swift in Sources */ = {isa = PBXBuildFile; fileRef = 2E65EFC72841477A003BC45C /* FoodService.swift */; };
		2E65EFCA2841477F003BC45C /* Food.swift in Sources */ = {isa = PBXBuildFile; fileRef = 2E65EFC92841477F003BC45C /* Food.swift */; };
		2E65EFCD2841489F003BC45C /* FlagService.swift in Sources */ = {isa = PBXBuildFile; fileRef = 2E65EFCC2841489F003BC45C /* FlagService.swift */; };
		2E65EFCF28414FFA003BC45C /* SearchFoodView.swift in Sources */ = {isa = PBXBuildFile; fileRef = 2E65EFCE28414FFA003BC45C /* SearchFoodView.swift */; };
		2E65EFD128415002003BC45C /* RequestFoodView.swift in Sources */ = {isa = PBXBuildFile; fileRef = 2E65EFD028415002003BC45C /* RequestFoodView.swift */; };
		2E65EFD328415AFE003BC45C /* LocationManager.swift in Sources */ = {isa = PBXBuildFile; fileRef = 2E65EFD228415AFE003BC45C /* LocationManager.swift */; };
		2E65EFD528416700003BC45C /* SearchFoodListRowView.swift in Sources */ = {isa = PBXBuildFile; fileRef = 2E65EFD428416700003BC45C /* SearchFoodListRowView.swift */; };
		2E65EFD7284178B3003BC45C /* SelectedPointView.swift in Sources */ = {isa = PBXBuildFile; fileRef = 2E65EFD6284178B3003BC45C /* SelectedPointView.swift */; };
		2E65EFD928417ACA003BC45C /* FoodDetailView.swift in Sources */ = {isa = PBXBuildFile; fileRef = 2E65EFD828417ACA003BC45C /* FoodDetailView.swift */; };
		2E65EFDC2841FF55003BC45C /* ReservedFoodView.swift in Sources */ = {isa = PBXBuildFile; fileRef = 2E65EFDB2841FF55003BC45C /* ReservedFoodView.swift */; };
		2E65EFDE28420104003BC45C /* Date+Extensions.swift in Sources */ = {isa = PBXBuildFile; fileRef = 2E65EFDD28420104003BC45C /* Date+Extensions.swift */; };
		2E65EFE4284214E1003BC45C /* DonatorProfileView.swift in Sources */ = {isa = PBXBuildFile; fileRef = 2E65EFE3284214E1003BC45C /* DonatorProfileView.swift */; };
		2E65EFE6284214FE003BC45C /* DonationsView.swift in Sources */ = {isa = PBXBuildFile; fileRef = 2E65EFE5284214FE003BC45C /* DonationsView.swift */; };
		2E65EFE828421811003BC45C /* DonatedFoodListRowView.swift in Sources */ = {isa = PBXBuildFile; fileRef = 2E65EFE728421811003BC45C /* DonatedFoodListRowView.swift */; };
		2E65EFEB28422A8E003BC45C /* CreateDonationView.swift in Sources */ = {isa = PBXBuildFile; fileRef = 2E65EFEA28422A8E003BC45C /* CreateDonationView.swift */; };
		2E65EFED28422AA5003BC45C /* CreateDonationViewModel.swift in Sources */ = {isa = PBXBuildFile; fileRef = 2E65EFEC28422AA5003BC45C /* CreateDonationViewModel.swift */; };
		2E65EFF028423D9E003BC45C /* CameraView.swift in Sources */ = {isa = PBXBuildFile; fileRef = 2E65EFEF28423D9E003BC45C /* CameraView.swift */; };
		2E65EFF228424D4C003BC45C /* LocationPicker.swift in Sources */ = {isa = PBXBuildFile; fileRef = 2E65EFF128424D4C003BC45C /* LocationPicker.swift */; };
		2E65EFF4284260CF003BC45C /* View+extensions.swift in Sources */ = {isa = PBXBuildFile; fileRef = 2E65EFF3284260CF003BC45C /* View+extensions.swift */; };
		2E65EFF628426BA3003BC45C /* LoginView.swift in Sources */ = {isa = PBXBuildFile; fileRef = 2E65EFF528426BA3003BC45C /* LoginView.swift */; };
		2E65EFF928428BA9003BC45C /* Lottie in Frameworks */ = {isa = PBXBuildFile; productRef = 2E65EFF828428BA9003BC45C /* Lottie */; };
		2E65EFFC28428C31003BC45C /* lightBulb.json in Resources */ = {isa = PBXBuildFile; fileRef = 2E65EFFB28428C31003BC45C /* lightBulb.json */; };
		2E65EFFE28428C84003BC45C /* LottieView.swift in Sources */ = {isa = PBXBuildFile; fileRef = 2E65EFFD28428C84003BC45C /* LottieView.swift */; };
/* End PBXBuildFile section */

/* Begin PBXFileReference section */
		2E65EFA428413A50003BC45C /* WellFed.app */ = {isa = PBXFileReference; explicitFileType = wrapper.application; includeInIndex = 0; path = WellFed.app; sourceTree = BUILT_PRODUCTS_DIR; };
		2E65EFA728413A50003BC45C /* WellFedApp.swift */ = {isa = PBXFileReference; lastKnownFileType = sourcecode.swift; path = WellFedApp.swift; sourceTree = "<group>"; };
		2E65EFAB28413A54003BC45C /* Assets.xcassets */ = {isa = PBXFileReference; lastKnownFileType = folder.assetcatalog; path = Assets.xcassets; sourceTree = "<group>"; };
		2E65EFAE28413A54003BC45C /* Preview Assets.xcassets */ = {isa = PBXFileReference; lastKnownFileType = folder.assetcatalog; path = "Preview Assets.xcassets"; sourceTree = "<group>"; };
		2E65EFB928413D41003BC45C /* DonationView.swift */ = {isa = PBXFileReference; lastKnownFileType = sourcecode.swift; path = DonationView.swift; sourceTree = "<group>"; };
		2E65EFBB28413D52003BC45C /* DonationViewModel.swift */ = {isa = PBXFileReference; lastKnownFileType = sourcecode.swift; path = DonationViewModel.swift; sourceTree = "<group>"; };
		2E65EFBD28413D6A003BC45C /* SearchFoodViewModel.swift */ = {isa = PBXFileReference; lastKnownFileType = sourcecode.swift; path = SearchFoodViewModel.swift; sourceTree = "<group>"; };
		2E65EFBF28413D72003BC45C /* ExploreView.swift */ = {isa = PBXFileReference; lastKnownFileType = sourcecode.swift; path = ExploreView.swift; sourceTree = "<group>"; };
		2E65EFC128413D7D003BC45C /* ProfileView.swift */ = {isa = PBXFileReference; lastKnownFileType = sourcecode.swift; path = ProfileView.swift; sourceTree = "<group>"; };
		2E65EFC428414274003BC45C /* HomeView.swift */ = {isa = PBXFileReference; lastKnownFileType = sourcecode.swift; path = HomeView.swift; sourceTree = "<group>"; };
		2E65EFC72841477A003BC45C /* FoodService.swift */ = {isa = PBXFileReference; lastKnownFileType = sourcecode.swift; path = FoodService.swift; sourceTree = "<group>"; };
		2E65EFC92841477F003BC45C /* Food.swift */ = {isa = PBXFileReference; lastKnownFileType = sourcecode.swift; path = Food.swift; sourceTree = "<group>"; };
		2E65EFCC2841489F003BC45C /* FlagService.swift */ = {isa = PBXFileReference; lastKnownFileType = sourcecode.swift; path = FlagService.swift; sourceTree = "<group>"; };
		2E65EFCE28414FFA003BC45C /* SearchFoodView.swift */ = {isa = PBXFileReference; lastKnownFileType = sourcecode.swift; path = SearchFoodView.swift; sourceTree = "<group>"; };
		2E65EFD028415002003BC45C /* RequestFoodView.swift */ = {isa = PBXFileReference; lastKnownFileType = sourcecode.swift; path = RequestFoodView.swift; sourceTree = "<group>"; };
		2E65EFD228415AFE003BC45C /* LocationManager.swift */ = {isa = PBXFileReference; lastKnownFileType = sourcecode.swift; path = LocationManager.swift; sourceTree = "<group>"; };
		2E65EFD428416700003BC45C /* SearchFoodListRowView.swift */ = {isa = PBXFileReference; lastKnownFileType = sourcecode.swift; path = SearchFoodListRowView.swift; sourceTree = "<group>"; };
		2E65EFD6284178B3003BC45C /* SelectedPointView.swift */ = {isa = PBXFileReference; lastKnownFileType = sourcecode.swift; path = SelectedPointView.swift; sourceTree = "<group>"; };
		2E65EFD828417ACA003BC45C /* FoodDetailView.swift */ = {isa = PBXFileReference; lastKnownFileType = sourcecode.swift; path = FoodDetailView.swift; sourceTree = "<group>"; };
		2E65EFDA284188BE003BC45C /* Info.plist */ = {isa = PBXFileReference; lastKnownFileType = text.plist; path = Info.plist; sourceTree = "<group>"; };
		2E65EFDB2841FF55003BC45C /* ReservedFoodView.swift */ = {isa = PBXFileReference; lastKnownFileType = sourcecode.swift; path = ReservedFoodView.swift; sourceTree = "<group>"; };
		2E65EFDD28420104003BC45C /* Date+Extensions.swift */ = {isa = PBXFileReference; lastKnownFileType = sourcecode.swift; path = "Date+Extensions.swift"; sourceTree = "<group>"; };
		2E65EFE3284214E1003BC45C /* DonatorProfileView.swift */ = {isa = PBXFileReference; lastKnownFileType = sourcecode.swift; path = DonatorProfileView.swift; sourceTree = "<group>"; };
		2E65EFE5284214FE003BC45C /* DonationsView.swift */ = {isa = PBXFileReference; lastKnownFileType = sourcecode.swift; path = DonationsView.swift; sourceTree = "<group>"; };
		2E65EFE728421811003BC45C /* DonatedFoodListRowView.swift */ = {isa = PBXFileReference; lastKnownFileType = sourcecode.swift; path = DonatedFoodListRowView.swift; sourceTree = "<group>"; };
		2E65EFEA28422A8E003BC45C /* CreateDonationView.swift */ = {isa = PBXFileReference; lastKnownFileType = sourcecode.swift; path = CreateDonationView.swift; sourceTree = "<group>"; };
		2E65EFEC28422AA5003BC45C /* CreateDonationViewModel.swift */ = {isa = PBXFileReference; lastKnownFileType = sourcecode.swift; path = CreateDonationViewModel.swift; sourceTree = "<group>"; };
		2E65EFEF28423D9E003BC45C /* CameraView.swift */ = {isa = PBXFileReference; lastKnownFileType = sourcecode.swift; path = CameraView.swift; sourceTree = "<group>"; };
		2E65EFF128424D4C003BC45C /* LocationPicker.swift */ = {isa = PBXFileReference; lastKnownFileType = sourcecode.swift; path = LocationPicker.swift; sourceTree = "<group>"; };
		2E65EFF3284260CF003BC45C /* View+extensions.swift */ = {isa = PBXFileReference; lastKnownFileType = sourcecode.swift; path = "View+extensions.swift"; sourceTree = "<group>"; };
		2E65EFF528426BA3003BC45C /* LoginView.swift */ = {isa = PBXFileReference; lastKnownFileType = sourcecode.swift; path = LoginView.swift; sourceTree = "<group>"; };
		2E65EFFB28428C31003BC45C /* lightBulb.json */ = {isa = PBXFileReference; fileEncoding = 4; lastKnownFileType = text.json; path = lightBulb.json; sourceTree = "<group>"; };
		2E65EFFD28428C84003BC45C /* LottieView.swift */ = {isa = PBXFileReference; lastKnownFileType = sourcecode.swift; path = LottieView.swift; sourceTree = "<group>"; };
/* End PBXFileReference section */

/* Begin PBXFrameworksBuildPhase section */
		2E65EFA128413A50003BC45C /* Frameworks */ = {
			isa = PBXFrameworksBuildPhase;
			buildActionMask = 2147483647;
			files = (
				2E65EFF928428BA9003BC45C /* Lottie in Frameworks */,
			);
			runOnlyForDeploymentPostprocessing = 0;
		};
/* End PBXFrameworksBuildPhase section */

/* Begin PBXGroup section */
		2E65EF9B28413A50003BC45C = {
			isa = PBXGroup;
			children = (
				2E65EFA628413A50003BC45C /* WellFed */,
				2E65EFA528413A50003BC45C /* Products */,
			);
			sourceTree = "<group>";
		};
		2E65EFA528413A50003BC45C /* Products */ = {
			isa = PBXGroup;
			children = (
				2E65EFA428413A50003BC45C /* WellFed.app */,
			);
			name = Products;
			sourceTree = "<group>";
		};
		2E65EFA628413A50003BC45C /* WellFed */ = {
			isa = PBXGroup;
			children = (
				2E65EFDA284188BE003BC45C /* Info.plist */,
				2E65EFA728413A50003BC45C /* WellFedApp.swift */,
				2E65EFC428414274003BC45C /* HomeView.swift */,
				2E65EFB528413C76003BC45C /* Presentation */,
				2E65EFC328413D83003BC45C /* Services */,
				2E65EFC628414702003BC45C /* Model */,
				2E65EFCB2841488F003BC45C /* Extensions */,
				2E65EFFA28428C19003BC45C /* Resources */,
				2E65EFAD28413A54003BC45C /* Preview Content */,
			);
			path = WellFed;
			sourceTree = "<group>";
		};
		2E65EFAD28413A54003BC45C /* Preview Content */ = {
			isa = PBXGroup;
			children = (
				2E65EFAE28413A54003BC45C /* Preview Assets.xcassets */,
			);
			path = "Preview Content";
			sourceTree = "<group>";
		};
		2E65EFB528413C76003BC45C /* Presentation */ = {
			isa = PBXGroup;
			children = (
				2E65EFEE28423D86003BC45C /* Components */,
				2E65EFB628413CB9003BC45C /* DonateFood */,
				2E65EFB728413CC7003BC45C /* ExploreFood */,
				2E65EFB828413CD0003BC45C /* Profile */,
			);
			path = Presentation;
			sourceTree = "<group>";
		};
		2E65EFB628413CB9003BC45C /* DonateFood */ = {
			isa = PBXGroup;
			children = (
				2E65EFB928413D41003BC45C /* DonationView.swift */,
				2E65EFBB28413D52003BC45C /* DonationViewModel.swift */,
				2E65EFF528426BA3003BC45C /* LoginView.swift */,
				2E65EFE2284214B6003BC45C /* DonatorProfile */,
				2E65EFE1284214A3003BC45C /* Donations */,
				2E65EFE928422A7B003BC45C /* CreateDonation */,
			);
			path = DonateFood;
			sourceTree = "<group>";
		};
		2E65EFB728413CC7003BC45C /* ExploreFood */ = {
			isa = PBXGroup;
			children = (
				2E65EFBF28413D72003BC45C /* ExploreView.swift */,
				2E65EFDF2842062A003BC45C /* Find */,
				2E65EFE02842064C003BC45C /* Request */,
			);
			path = ExploreFood;
			sourceTree = "<group>";
		};
		2E65EFB828413CD0003BC45C /* Profile */ = {
			isa = PBXGroup;
			children = (
				2E65EFC128413D7D003BC45C /* ProfileView.swift */,
			);
			path = Profile;
			sourceTree = "<group>";
		};
		2E65EFC328413D83003BC45C /* Services */ = {
			isa = PBXGroup;
			children = (
				2E65EFC72841477A003BC45C /* FoodService.swift */,
				2E65EFCC2841489F003BC45C /* FlagService.swift */,
				2E65EFD228415AFE003BC45C /* LocationManager.swift */,
			);
			path = Services;
			sourceTree = "<group>";
		};
		2E65EFC628414702003BC45C /* Model */ = {
			isa = PBXGroup;
			children = (
				2E65EFC92841477F003BC45C /* Food.swift */,
			);
			path = Model;
			sourceTree = "<group>";
		};
		2E65EFCB2841488F003BC45C /* Extensions */ = {
			isa = PBXGroup;
			children = (
				2E65EFDD28420104003BC45C /* Date+Extensions.swift */,
				2E65EFF3284260CF003BC45C /* View+extensions.swift */,
			);
			path = Extensions;
			sourceTree = "<group>";
		};
		2E65EFDF2842062A003BC45C /* Find */ = {
			isa = PBXGroup;
			children = (
				2E65EFCE28414FFA003BC45C /* SearchFoodView.swift */,
				2E65EFBD28413D6A003BC45C /* SearchFoodViewModel.swift */,
				2E65EFD428416700003BC45C /* SearchFoodListRowView.swift */,
				2E65EFD6284178B3003BC45C /* SelectedPointView.swift */,
				2E65EFD828417ACA003BC45C /* FoodDetailView.swift */,
				2E65EFDB2841FF55003BC45C /* ReservedFoodView.swift */,
			);
			path = Find;
			sourceTree = "<group>";
		};
		2E65EFE02842064C003BC45C /* Request */ = {
			isa = PBXGroup;
			children = (
				2E65EFD028415002003BC45C /* RequestFoodView.swift */,
			);
			path = Request;
			sourceTree = "<group>";
		};
		2E65EFE1284214A3003BC45C /* Donations */ = {
			isa = PBXGroup;
			children = (
				2E65EFE5284214FE003BC45C /* DonationsView.swift */,
				2E65EFE728421811003BC45C /* DonatedFoodListRowView.swift */,
			);
			path = Donations;
			sourceTree = "<group>";
		};
		2E65EFE2284214B6003BC45C /* DonatorProfile */ = {
			isa = PBXGroup;
			children = (
				2E65EFE3284214E1003BC45C /* DonatorProfileView.swift */,
			);
			path = DonatorProfile;
			sourceTree = "<group>";
		};
		2E65EFE928422A7B003BC45C /* CreateDonation */ = {
			isa = PBXGroup;
			children = (
				2E65EFEA28422A8E003BC45C /* CreateDonationView.swift */,
				2E65EFEC28422AA5003BC45C /* CreateDonationViewModel.swift */,
			);
			path = CreateDonation;
			sourceTree = "<group>";
		};
		2E65EFEE28423D86003BC45C /* Components */ = {
			isa = PBXGroup;
			children = (
				2E65EFEF28423D9E003BC45C /* CameraView.swift */,
				2E65EFF128424D4C003BC45C /* LocationPicker.swift */,
				2E65EFFD28428C84003BC45C /* LottieView.swift */,
			);
			path = Components;
			sourceTree = "<group>";
		};
		2E65EFFA28428C19003BC45C /* Resources */ = {
			isa = PBXGroup;
			children = (
				2E65EFFB28428C31003BC45C /* lightBulb.json */,
				2E65EFAB28413A54003BC45C /* Assets.xcassets */,
			);
			path = Resources;
			sourceTree = "<group>";
		};
/* End PBXGroup section */

/* Begin PBXNativeTarget section */
		2E65EFA328413A50003BC45C /* WellFed */ = {
			isa = PBXNativeTarget;
			buildConfigurationList = 2E65EFB228413A54003BC45C /* Build configuration list for PBXNativeTarget "WellFed" */;
			buildPhases = (
				2E65EFA028413A50003BC45C /* Sources */,
				2E65EFA128413A50003BC45C /* Frameworks */,
				2E65EFA228413A50003BC45C /* Resources */,
			);
			buildRules = (
			);
			dependencies = (
			);
			name = WellFed;
			packageProductDependencies = (
				2E65EFF828428BA9003BC45C /* Lottie */,
			);
			productName = WellFed;
			productReference = 2E65EFA428413A50003BC45C /* WellFed.app */;
			productType = "com.apple.product-type.application";
		};
/* End PBXNativeTarget section */

/* Begin PBXProject section */
		2E65EF9C28413A50003BC45C /* Project object */ = {
			isa = PBXProject;
			attributes = {
				BuildIndependentTargetsInParallel = 1;
				LastSwiftUpdateCheck = 1340;
				LastUpgradeCheck = 1340;
				TargetAttributes = {
					2E65EFA328413A50003BC45C = {
						CreatedOnToolsVersion = 13.4;
					};
				};
			};
			buildConfigurationList = 2E65EF9F28413A50003BC45C /* Build configuration list for PBXProject "WellFed" */;
			compatibilityVersion = "Xcode 13.0";
			developmentRegion = en;
			hasScannedForEncodings = 0;
			knownRegions = (
				en,
				Base,
			);
			mainGroup = 2E65EF9B28413A50003BC45C;
			packageReferences = (
				2E65EFF728428BA9003BC45C /* XCRemoteSwiftPackageReference "lottie-ios" */,
			);
			productRefGroup = 2E65EFA528413A50003BC45C /* Products */;
			projectDirPath = "";
			projectRoot = "";
			targets = (
				2E65EFA328413A50003BC45C /* WellFed */,
			);
		};
/* End PBXProject section */

/* Begin PBXResourcesBuildPhase section */
		2E65EFA228413A50003BC45C /* Resources */ = {
			isa = PBXResourcesBuildPhase;
			buildActionMask = 2147483647;
			files = (
				2E65EFAF28413A54003BC45C /* Preview Assets.xcassets in Resources */,
				2E65EFFC28428C31003BC45C /* lightBulb.json in Resources */,
				2E65EFAC28413A54003BC45C /* Assets.xcassets in Resources */,
			);
			runOnlyForDeploymentPostprocessing = 0;
		};
/* End PBXResourcesBuildPhase section */

/* Begin PBXSourcesBuildPhase section */
		2E65EFA028413A50003BC45C /* Sources */ = {
			isa = PBXSourcesBuildPhase;
			buildActionMask = 2147483647;
			files = (
				2E65EFBE28413D6A003BC45C /* SearchFoodViewModel.swift in Sources */,
				2E65EFE828421811003BC45C /* DonatedFoodListRowView.swift in Sources */,
				2E65EFC528414274003BC45C /* HomeView.swift in Sources */,
				2E65EFCF28414FFA003BC45C /* SearchFoodView.swift in Sources */,
				2E65EFBC28413D52003BC45C /* DonationViewModel.swift in Sources */,
				2E65EFD128415002003BC45C /* RequestFoodView.swift in Sources */,
				2E65EFEB28422A8E003BC45C /* CreateDonationView.swift in Sources */,
				2E65EFD928417ACA003BC45C /* FoodDetailView.swift in Sources */,
				2E65EFBA28413D41003BC45C /* DonationView.swift in Sources */,
				2E65EFD7284178B3003BC45C /* SelectedPointView.swift in Sources */,
				2E65EFA828413A50003BC45C /* WellFedApp.swift in Sources */,
				2E65EFFE28428C84003BC45C /* LottieView.swift in Sources */,
				2E65EFCD2841489F003BC45C /* FlagService.swift in Sources */,
				2E65EFDC2841FF55003BC45C /* ReservedFoodView.swift in Sources */,
				2E65EFDE28420104003BC45C /* Date+Extensions.swift in Sources */,
				2E65EFED28422AA5003BC45C /* CreateDonationViewModel.swift in Sources */,
				2E65EFF028423D9E003BC45C /* CameraView.swift in Sources */,
				2E65EFE4284214E1003BC45C /* DonatorProfileView.swift in Sources */,
				2E65EFCA2841477F003BC45C /* Food.swift in Sources */,
				2E65EFD528416700003BC45C /* SearchFoodListRowView.swift in Sources */,
				2E65EFC82841477A003BC45C /* FoodService.swift in Sources */,
				2E65EFE6284214FE003BC45C /* DonationsView.swift in Sources */,
				2E65EFF628426BA3003BC45C /* LoginView.swift in Sources */,
				2E65EFF228424D4C003BC45C /* LocationPicker.swift in Sources */,
				2E65EFC228413D7D003BC45C /* ProfileView.swift in Sources */,
				2E65EFC028413D72003BC45C /* ExploreView.swift in Sources */,
				2E65EFF4284260CF003BC45C /* View+extensions.swift in Sources */,
				2E65EFD328415AFE003BC45C /* LocationManager.swift in Sources */,
			);
			runOnlyForDeploymentPostprocessing = 0;
		};
/* End PBXSourcesBuildPhase section */

/* Begin XCBuildConfiguration section */
		2E65EFB028413A54003BC45C /* Debug */ = {
			isa = XCBuildConfiguration;
			buildSettings = {
				ALWAYS_SEARCH_USER_PATHS = NO;
				CLANG_ANALYZER_NONNULL = YES;
				CLANG_ANALYZER_NUMBER_OBJECT_CONVERSION = YES_AGGRESSIVE;
				CLANG_CXX_LANGUAGE_STANDARD = "gnu++17";
				CLANG_ENABLE_MODULES = YES;
				CLANG_ENABLE_OBJC_ARC = YES;
				CLANG_ENABLE_OBJC_WEAK = YES;
				CLANG_WARN_BLOCK_CAPTURE_AUTORELEASING = YES;
				CLANG_WARN_BOOL_CONVERSION = YES;
				CLANG_WARN_COMMA = YES;
				CLANG_WARN_CONSTANT_CONVERSION = YES;
				CLANG_WARN_DEPRECATED_OBJC_IMPLEMENTATIONS = YES;
				CLANG_WARN_DIRECT_OBJC_ISA_USAGE = YES_ERROR;
				CLANG_WARN_DOCUMENTATION_COMMENTS = YES;
				CLANG_WARN_EMPTY_BODY = YES;
				CLANG_WARN_ENUM_CONVERSION = YES;
				CLANG_WARN_INFINITE_RECURSION = YES;
				CLANG_WARN_INT_CONVERSION = YES;
				CLANG_WARN_NON_LITERAL_NULL_CONVERSION = YES;
				CLANG_WARN_OBJC_IMPLICIT_RETAIN_SELF = YES;
				CLANG_WARN_OBJC_LITERAL_CONVERSION = YES;
				CLANG_WARN_OBJC_ROOT_CLASS = YES_ERROR;
				CLANG_WARN_QUOTED_INCLUDE_IN_FRAMEWORK_HEADER = YES;
				CLANG_WARN_RANGE_LOOP_ANALYSIS = YES;
				CLANG_WARN_STRICT_PROTOTYPES = YES;
				CLANG_WARN_SUSPICIOUS_MOVE = YES;
				CLANG_WARN_UNGUARDED_AVAILABILITY = YES_AGGRESSIVE;
				CLANG_WARN_UNREACHABLE_CODE = YES;
				CLANG_WARN__DUPLICATE_METHOD_MATCH = YES;
				COPY_PHASE_STRIP = NO;
				DEBUG_INFORMATION_FORMAT = dwarf;
				ENABLE_STRICT_OBJC_MSGSEND = YES;
				ENABLE_TESTABILITY = YES;
				GCC_C_LANGUAGE_STANDARD = gnu11;
				GCC_DYNAMIC_NO_PIC = NO;
				GCC_NO_COMMON_BLOCKS = YES;
				GCC_OPTIMIZATION_LEVEL = 0;
				GCC_PREPROCESSOR_DEFINITIONS = (
					"DEBUG=1",
					"$(inherited)",
				);
				GCC_WARN_64_TO_32_BIT_CONVERSION = YES;
				GCC_WARN_ABOUT_RETURN_TYPE = YES_ERROR;
				GCC_WARN_UNDECLARED_SELECTOR = YES;
				GCC_WARN_UNINITIALIZED_AUTOS = YES_AGGRESSIVE;
				GCC_WARN_UNUSED_FUNCTION = YES;
				GCC_WARN_UNUSED_VARIABLE = YES;
				IPHONEOS_DEPLOYMENT_TARGET = 15.5;
				MTL_ENABLE_DEBUG_INFO = INCLUDE_SOURCE;
				MTL_FAST_MATH = YES;
				ONLY_ACTIVE_ARCH = YES;
				SDKROOT = iphoneos;
				SWIFT_ACTIVE_COMPILATION_CONDITIONS = DEBUG;
				SWIFT_OPTIMIZATION_LEVEL = "-Onone";
			};
			name = Debug;
		};
		2E65EFB128413A54003BC45C /* Release */ = {
			isa = XCBuildConfiguration;
			buildSettings = {
				ALWAYS_SEARCH_USER_PATHS = NO;
				CLANG_ANALYZER_NONNULL = YES;
				CLANG_ANALYZER_NUMBER_OBJECT_CONVERSION = YES_AGGRESSIVE;
				CLANG_CXX_LANGUAGE_STANDARD = "gnu++17";
				CLANG_ENABLE_MODULES = YES;
				CLANG_ENABLE_OBJC_ARC = YES;
				CLANG_ENABLE_OBJC_WEAK = YES;
				CLANG_WARN_BLOCK_CAPTURE_AUTORELEASING = YES;
				CLANG_WARN_BOOL_CONVERSION = YES;
				CLANG_WARN_COMMA = YES;
				CLANG_WARN_CONSTANT_CONVERSION = YES;
				CLANG_WARN_DEPRECATED_OBJC_IMPLEMENTATIONS = YES;
				CLANG_WARN_DIRECT_OBJC_ISA_USAGE = YES_ERROR;
				CLANG_WARN_DOCUMENTATION_COMMENTS = YES;
				CLANG_WARN_EMPTY_BODY = YES;
				CLANG_WARN_ENUM_CONVERSION = YES;
				CLANG_WARN_INFINITE_RECURSION = YES;
				CLANG_WARN_INT_CONVERSION = YES;
				CLANG_WARN_NON_LITERAL_NULL_CONVERSION = YES;
				CLANG_WARN_OBJC_IMPLICIT_RETAIN_SELF = YES;
				CLANG_WARN_OBJC_LITERAL_CONVERSION = YES;
				CLANG_WARN_OBJC_ROOT_CLASS = YES_ERROR;
				CLANG_WARN_QUOTED_INCLUDE_IN_FRAMEWORK_HEADER = YES;
				CLANG_WARN_RANGE_LOOP_ANALYSIS = YES;
				CLANG_WARN_STRICT_PROTOTYPES = YES;
				CLANG_WARN_SUSPICIOUS_MOVE = YES;
				CLANG_WARN_UNGUARDED_AVAILABILITY = YES_AGGRESSIVE;
				CLANG_WARN_UNREACHABLE_CODE = YES;
				CLANG_WARN__DUPLICATE_METHOD_MATCH = YES;
				COPY_PHASE_STRIP = NO;
				DEBUG_INFORMATION_FORMAT = "dwarf-with-dsym";
				ENABLE_NS_ASSERTIONS = NO;
				ENABLE_STRICT_OBJC_MSGSEND = YES;
				GCC_C_LANGUAGE_STANDARD = gnu11;
				GCC_NO_COMMON_BLOCKS = YES;
				GCC_WARN_64_TO_32_BIT_CONVERSION = YES;
				GCC_WARN_ABOUT_RETURN_TYPE = YES_ERROR;
				GCC_WARN_UNDECLARED_SELECTOR = YES;
				GCC_WARN_UNINITIALIZED_AUTOS = YES_AGGRESSIVE;
				GCC_WARN_UNUSED_FUNCTION = YES;
				GCC_WARN_UNUSED_VARIABLE = YES;
				IPHONEOS_DEPLOYMENT_TARGET = 15.5;
				MTL_ENABLE_DEBUG_INFO = NO;
				MTL_FAST_MATH = YES;
				SDKROOT = iphoneos;
				SWIFT_COMPILATION_MODE = wholemodule;
				SWIFT_OPTIMIZATION_LEVEL = "-O";
				VALIDATE_PRODUCT = YES;
			};
			name = Release;
		};
		2E65EFB328413A54003BC45C /* Debug */ = {
			isa = XCBuildConfiguration;
			buildSettings = {
				ASSETCATALOG_COMPILER_APPICON_NAME = AppIcon;
				ASSETCATALOG_COMPILER_GLOBAL_ACCENT_COLOR_NAME = AccentColor;
				CODE_SIGN_STYLE = Automatic;
				CURRENT_PROJECT_VERSION = 1;
				DEVELOPMENT_ASSET_PATHS = "\"WellFed/Preview Content\"";
				DEVELOPMENT_TEAM = BM429P7G56;
				ENABLE_PREVIEWS = YES;
				GENERATE_INFOPLIST_FILE = YES;
				INFOPLIST_FILE = WellFed/Info.plist;
				INFOPLIST_KEY_NSCameraUsageDescription = "We need your camera";
				INFOPLIST_KEY_NSLocationAlwaysAndWhenInUseUsageDescription = "Need your location";
				INFOPLIST_KEY_NSLocationWhenInUseUsageDescription = "Need your location";
				INFOPLIST_KEY_UIApplicationSceneManifest_Generation = YES;
				INFOPLIST_KEY_UIApplicationSupportsIndirectInputEvents = YES;
				INFOPLIST_KEY_UILaunchScreen_Generation = YES;
				INFOPLIST_KEY_UISupportedInterfaceOrientations_iPad = "UIInterfaceOrientationPortrait UIInterfaceOrientationPortraitUpsideDown UIInterfaceOrientationLandscapeLeft UIInterfaceOrientationLandscapeRight";
				INFOPLIST_KEY_UISupportedInterfaceOrientations_iPhone = "UIInterfaceOrientationPortrait UIInterfaceOrientationLandscapeLeft UIInterfaceOrientationLandscapeRight";
				IPHONEOS_DEPLOYMENT_TARGET = 15.0;
				LD_RUNPATH_SEARCH_PATHS = (
					"$(inherited)",
					"@executable_path/Frameworks",
				);
				MARKETING_VERSION = 1.0;
				PRODUCT_BUNDLE_IDENTIFIER = accenture.WellFed;
				PRODUCT_NAME = "$(TARGET_NAME)";
				SWIFT_EMIT_LOC_STRINGS = YES;
				SWIFT_VERSION = 5.0;
				TARGETED_DEVICE_FAMILY = "1,2";
			};
			name = Debug;
		};
		2E65EFB428413A54003BC45C /* Release */ = {
			isa = XCBuildConfiguration;
			buildSettings = {
				ASSETCATALOG_COMPILER_APPICON_NAME = AppIcon;
				ASSETCATALOG_COMPILER_GLOBAL_ACCENT_COLOR_NAME = AccentColor;
				CODE_SIGN_STYLE = Automatic;
				CURRENT_PROJECT_VERSION = 1;
				DEVELOPMENT_ASSET_PATHS = "\"WellFed/Preview Content\"";
				DEVELOPMENT_TEAM = BM429P7G56;
				ENABLE_PREVIEWS = YES;
				GENERATE_INFOPLIST_FILE = YES;
				INFOPLIST_FILE = WellFed/Info.plist;
				INFOPLIST_KEY_NSCameraUsageDescription = "We need your camera";
				INFOPLIST_KEY_NSLocationAlwaysAndWhenInUseUsageDescription = "Need your location";
				INFOPLIST_KEY_NSLocationWhenInUseUsageDescription = "Need your location";
				INFOPLIST_KEY_UIApplicationSceneManifest_Generation = YES;
				INFOPLIST_KEY_UIApplicationSupportsIndirectInputEvents = YES;
				INFOPLIST_KEY_UILaunchScreen_Generation = YES;
				INFOPLIST_KEY_UISupportedInterfaceOrientations_iPad = "UIInterfaceOrientationPortrait UIInterfaceOrientationPortraitUpsideDown UIInterfaceOrientationLandscapeLeft UIInterfaceOrientationLandscapeRight";
				INFOPLIST_KEY_UISupportedInterfaceOrientations_iPhone = "UIInterfaceOrientationPortrait UIInterfaceOrientationLandscapeLeft UIInterfaceOrientationLandscapeRight";
				IPHONEOS_DEPLOYMENT_TARGET = 15.0;
				LD_RUNPATH_SEARCH_PATHS = (
					"$(inherited)",
					"@executable_path/Frameworks",
				);
				MARKETING_VERSION = 1.0;
				PRODUCT_BUNDLE_IDENTIFIER = accenture.WellFed;
				PRODUCT_NAME = "$(TARGET_NAME)";
				SWIFT_EMIT_LOC_STRINGS = YES;
				SWIFT_VERSION = 5.0;
				TARGETED_DEVICE_FAMILY = "1,2";
			};
			name = Release;
		};
/* End XCBuildConfiguration section */

/* Begin XCConfigurationList section */
		2E65EF9F28413A50003BC45C /* Build configuration list for PBXProject "WellFed" */ = {
			isa = XCConfigurationList;
			buildConfigurations = (
				2E65EFB028413A54003BC45C /* Debug */,
				2E65EFB128413A54003BC45C /* Release */,
			);
			defaultConfigurationIsVisible = 0;
			defaultConfigurationName = Release;
		};
		2E65EFB228413A54003BC45C /* Build configuration list for PBXNativeTarget "WellFed" */ = {
			isa = XCConfigurationList;
			buildConfigurations = (
				2E65EFB328413A54003BC45C /* Debug */,
				2E65EFB428413A54003BC45C /* Release */,
			);
			defaultConfigurationIsVisible = 0;
			defaultConfigurationName = Release;
		};
/* End XCConfigurationList section */

/* Begin XCRemoteSwiftPackageReference section */
		2E65EFF728428BA9003BC45C /* XCRemoteSwiftPackageReference "lottie-ios" */ = {
			isa = XCRemoteSwiftPackageReference;
			repositoryURL = "https://github.com/airbnb/lottie-ios";
			requirement = {
				branch = master;
				kind = branch;
			};
		};
/* End XCRemoteSwiftPackageReference section */

/* Begin XCSwiftPackageProductDependency section */
		2E65EFF828428BA9003BC45C /* Lottie */ = {
			isa = XCSwiftPackageProductDependency;
			package = 2E65EFF728428BA9003BC45C /* XCRemoteSwiftPackageReference "lottie-ios" */;
			productName = Lottie;
		};
/* End XCSwiftPackageProductDependency section */
	};
	rootObject = 2E65EF9C28413A50003BC45C /* Project object */;
}
